
Microsoft Visual Studio Solution File, Format Version 12.00
# Visual Studio 15
VisualStudioVersion = 15.0.28307.1259
MinimumVisualStudioVersion = 10.0.40219.1
Project("{8BC9CEB8-8B4A-11D0-8D11-00A0C91BC942}") = "test_6_7_2", "test_6_7_2\test_6_7_2.vcxproj", "{D2690743-3BFA-46CA-A951-1FED6492EC9D}"
EndProject
Global
	GlobalSection(SolutionConfigurationPlatforms) = preSolution
		Debug|x64 = Debug|x64
		Debug|x86 = Debug|x86
		Release|x64 = Release|x64
		Release|x86 = Release|x86
	EndGlobalSection
	GlobalSection(ProjectConfigurationPlatforms) = postSolution
		{D2690743-3BFA-46CA-A951-1FED6492EC9D}.Debug|x64.ActiveCfg = Debug|x64
		{D2690743-3BFA-46CA-A951-1FED6492EC9D}.Debug|x64.Build.0 = Debug|x64
		{D2690743-3BFA-46CA-A951-1FED6492EC9D}.Debug|x86.ActiveCfg = Debug|Win32
		{D2690743-3BFA-46CA-A951-1FED6492EC9D}.Debug|x86.Build.0 = Debug|Win32
		{D2690743-3BFA-46CA-A951-1FED6492EC9D}.Release|x64.ActiveCfg = Release|x64
		{D2690743-3BFA-46CA-A951-1FED6492EC9D}.Release|x64.Build.0 = Release|x64
		{D2690743-3BFA-46CA-A951-1FED6492EC9D}.Release|x86.ActiveCfg = Release|Win32
		{D2690743-3BFA-46CA-A951-1FED6492EC9D}.Release|x86.Build.0 = Release|Win32
	EndGlobalSection
	GlobalSection(SolutionProperties) = preSolution
		HideSolutionNode = FALSE
	EndGlobalSection
	GlobalSection(ExtensibilityGlobals) = postSolution
		SolutionGuid = {7F468CE3-D78A-4256-947C-B5B7A31C128E}
	EndGlobalSection
EndGlobal
